
Microsoft Visual Studio Solution File, Format Version 12.00
# Visual Studio Version 17
VisualStudioVersion = 17.10.35027.167
MinimumVisualStudioVersion = 10.0.40219.1
Project("{FAE04EC0-301F-11D3-BF4B-00C04F79EFBC}") = "week5Demo1", "week5Demo1\week5Demo1.csproj", "{EC762BFC-2373-44F3-9545-9F7017FFFFDE}"
EndProject
Global
	GlobalSection(SolutionConfigurationPlatforms) = preSolution
		Debug|Any CPU = Debug|Any CPU
		Release|Any CPU = Release|Any CPU
	EndGlobalSection
	GlobalSection(ProjectConfigurationPlatforms) = postSolution
		{EC762BFC-2373-44F3-9545-9F7017FFFFDE}.Debug|Any CPU.ActiveCfg = Debug|Any CPU
		{EC762BFC-2373-44F3-9545-9F7017FFFFDE}.Debug|Any CPU.Build.0 = Debug|Any CPU
		{EC762BFC-2373-44F3-9545-9F7017FFFFDE}.Release|Any CPU.ActiveCfg = Release|Any CPU
		{EC762BFC-2373-44F3-9545-9F7017FFFFDE}.Release|Any CPU.Build.0 = Release|Any CPU
	EndGlobalSection
	GlobalSection(SolutionProperties) = preSolution
		HideSolutionNode = FALSE
	EndGlobalSection
	GlobalSection(ExtensibilityGlobals) = postSolution
		SolutionGuid = {7509C05D-4180-490E-BBB9-83B5885FEBE7}
	EndGlobalSection
EndGlobal
